
Microsoft Visual Studio Solution File, Format Version 12.00
# Visual Studio Version 16
VisualStudioVersion = 16.0.28803.156
MinimumVisualStudioVersion = 10.0.40219.1
Project("{FAE04EC0-301F-11D3-BF4B-00C04F79EFBC}") = "1", "1\1.csproj", "{8C8578F2-FD9F-4883-8A4E-A0AF6597B075}"
EndProject
Project("{FAE04EC0-301F-11D3-BF4B-00C04F79EFBC}") = "2", "2\2.csproj", "{E686C191-CB30-46F0-AC50-4B3B793EBA0F}"
EndProject
Project("{FAE04EC0-301F-11D3-BF4B-00C04F79EFBC}") = "3", "3\3.csproj", "{D3485745-60C7-4473-9ADF-0CBC33DA8E99}"
EndProject
Project("{FAE04EC0-301F-11D3-BF4B-00C04F79EFBC}") = "4", "4\4.csproj", "{D491BF91-62EF-4F90-97BB-B4859874F20C}"
EndProject
Project("{FAE04EC0-301F-11D3-BF4B-00C04F79EFBC}") = "5", "5\5.csproj", "{AB8D09FC-6966-468C-9542-2A48A83517B0}"
EndProject
Project("{FAE04EC0-301F-11D3-BF4B-00C04F79EFBC}") = "6", "6\6.csproj", "{271E391E-9E53-413D-B044-BC4653F9D1D9}"
EndProject
Global
	GlobalSection(SolutionConfigurationPlatforms) = preSolution
		Debug|Any CPU = Debug|Any CPU
		Release|Any CPU = Release|Any CPU
	EndGlobalSection
	GlobalSection(ProjectConfigurationPlatforms) = postSolution
		{8C8578F2-FD9F-4883-8A4E-A0AF6597B075}.Debug|Any CPU.ActiveCfg = Debug|Any CPU
		{8C8578F2-FD9F-4883-8A4E-A0AF6597B075}.Debug|Any CPU.Build.0 = Debug|Any CPU
		{8C8578F2-FD9F-4883-8A4E-A0AF6597B075}.Release|Any CPU.ActiveCfg = Release|Any CPU
		{8C8578F2-FD9F-4883-8A4E-A0AF6597B075}.Release|Any CPU.Build.0 = Release|Any CPU
		{E686C191-CB30-46F0-AC50-4B3B793EBA0F}.Debug|Any CPU.ActiveCfg = Debug|Any CPU
		{E686C191-CB30-46F0-AC50-4B3B793EBA0F}.Debug|Any CPU.Build.0 = Debug|Any CPU
		{E686C191-CB30-46F0-AC50-4B3B793EBA0F}.Release|Any CPU.ActiveCfg = Release|Any CPU
		{E686C191-CB30-46F0-AC50-4B3B793EBA0F}.Release|Any CPU.Build.0 = Release|Any CPU
		{D3485745-60C7-4473-9ADF-0CBC33DA8E99}.Debug|Any CPU.ActiveCfg = Debug|Any CPU
		{D3485745-60C7-4473-9ADF-0CBC33DA8E99}.Debug|Any CPU.Build.0 = Debug|Any CPU
		{D3485745-60C7-4473-9ADF-0CBC33DA8E99}.Release|Any CPU.ActiveCfg = Release|Any CPU
		{D3485745-60C7-4473-9ADF-0CBC33DA8E99}.Release|Any CPU.Build.0 = Release|Any CPU
		{D491BF91-62EF-4F90-97BB-B4859874F20C}.Debug|Any CPU.ActiveCfg = Debug|Any CPU
		{D491BF91-62EF-4F90-97BB-B4859874F20C}.Debug|Any CPU.Build.0 = Debug|Any CPU
		{D491BF91-62EF-4F90-97BB-B4859874F20C}.Release|Any CPU.ActiveCfg = Release|Any CPU
		{D491BF91-62EF-4F90-97BB-B4859874F20C}.Release|Any CPU.Build.0 = Release|Any CPU
		{AB8D09FC-6966-468C-9542-2A48A83517B0}.Debug|Any CPU.ActiveCfg = Debug|Any CPU
		{AB8D09FC-6966-468C-9542-2A48A83517B0}.Debug|Any CPU.Build.0 = Debug|Any CPU
		{AB8D09FC-6966-468C-9542-2A48A83517B0}.Release|Any CPU.ActiveCfg = Release|Any CPU
		{AB8D09FC-6966-468C-9542-2A48A83517B0}.Release|Any CPU.Build.0 = Release|Any CPU
		{271E391E-9E53-413D-B044-BC4653F9D1D9}.Debug|Any CPU.ActiveCfg = Debug|Any CPU
		{271E391E-9E53-413D-B044-BC4653F9D1D9}.Debug|Any CPU.Build.0 = Debug|Any CPU
		{271E391E-9E53-413D-B044-BC4653F9D1D9}.Release|Any CPU.ActiveCfg = Release|Any CPU
		{271E391E-9E53-413D-B044-BC4653F9D1D9}.Release|Any CPU.Build.0 = Release|Any CPU
	EndGlobalSection
	GlobalSection(SolutionProperties) = preSolution
		HideSolutionNode = FALSE
	EndGlobalSection
	GlobalSection(ExtensibilityGlobals) = postSolution
		SolutionGuid = {91FD2A23-78AC-4C69-BFD3-EC2E488A972B}
	EndGlobalSection
EndGlobal
