
Microsoft Visual Studio Solution File, Format Version 12.00
# Visual Studio Version 16
VisualStudioVersion = 16.0.28803.156
MinimumVisualStudioVersion = 10.0.40219.1
Project("{FAE04EC0-301F-11D3-BF4B-00C04F79EFBC}") = "1", "1\1.csproj", "{621DE444-C481-4936-BF96-B372336A5A46}"
EndProject
Project("{FAE04EC0-301F-11D3-BF4B-00C04F79EFBC}") = "2", "2\2.csproj", "{6D72E791-D073-4F79-A631-D77E8AC5AD19}"
EndProject
Project("{FAE04EC0-301F-11D3-BF4B-00C04F79EFBC}") = "3", "3\3.csproj", "{C74586E8-0899-44CC-A689-A948E8ED2F9C}"
EndProject
Global
	GlobalSection(SolutionConfigurationPlatforms) = preSolution
		Debug|Any CPU = Debug|Any CPU
		Release|Any CPU = Release|Any CPU
	EndGlobalSection
	GlobalSection(ProjectConfigurationPlatforms) = postSolution
		{621DE444-C481-4936-BF96-B372336A5A46}.Debug|Any CPU.ActiveCfg = Debug|Any CPU
		{621DE444-C481-4936-BF96-B372336A5A46}.Debug|Any CPU.Build.0 = Debug|Any CPU
		{621DE444-C481-4936-BF96-B372336A5A46}.Release|Any CPU.ActiveCfg = Release|Any CPU
		{621DE444-C481-4936-BF96-B372336A5A46}.Release|Any CPU.Build.0 = Release|Any CPU
		{6D72E791-D073-4F79-A631-D77E8AC5AD19}.Debug|Any CPU.ActiveCfg = Debug|Any CPU
		{6D72E791-D073-4F79-A631-D77E8AC5AD19}.Debug|Any CPU.Build.0 = Debug|Any CPU
		{6D72E791-D073-4F79-A631-D77E8AC5AD19}.Release|Any CPU.ActiveCfg = Release|Any CPU
		{6D72E791-D073-4F79-A631-D77E8AC5AD19}.Release|Any CPU.Build.0 = Release|Any CPU
		{C74586E8-0899-44CC-A689-A948E8ED2F9C}.Debug|Any CPU.ActiveCfg = Debug|Any CPU
		{C74586E8-0899-44CC-A689-A948E8ED2F9C}.Debug|Any CPU.Build.0 = Debug|Any CPU
		{C74586E8-0899-44CC-A689-A948E8ED2F9C}.Release|Any CPU.ActiveCfg = Release|Any CPU
		{C74586E8-0899-44CC-A689-A948E8ED2F9C}.Release|Any CPU.Build.0 = Release|Any CPU
	EndGlobalSection
	GlobalSection(SolutionProperties) = preSolution
		HideSolutionNode = FALSE
	EndGlobalSection
	GlobalSection(ExtensibilityGlobals) = postSolution
		SolutionGuid = {18F13B48-5987-408D-9033-940908CE0B9E}
	EndGlobalSection
EndGlobal
