
Microsoft Visual Studio Solution File, Format Version 12.00
# Visual Studio Version 16
VisualStudioVersion = 16.0.29613.14
MinimumVisualStudioVersion = 10.0.40219.1
Project("{FAE04EC0-301F-11D3-BF4B-00C04F79EFBC}") = "1", "1\1.csproj", "{BF341ACB-F6E4-43AA-85E7-E6F413040980}"
EndProject
Global
	GlobalSection(SolutionConfigurationPlatforms) = preSolution
		Debug|Any CPU = Debug|Any CPU
		Release|Any CPU = Release|Any CPU
	EndGlobalSection
	GlobalSection(ProjectConfigurationPlatforms) = postSolution
		{BF341ACB-F6E4-43AA-85E7-E6F413040980}.Debug|Any CPU.ActiveCfg = Debug|Any CPU
		{BF341ACB-F6E4-43AA-85E7-E6F413040980}.Debug|Any CPU.Build.0 = Debug|Any CPU
		{BF341ACB-F6E4-43AA-85E7-E6F413040980}.Release|Any CPU.ActiveCfg = Release|Any CPU
		{BF341ACB-F6E4-43AA-85E7-E6F413040980}.Release|Any CPU.Build.0 = Release|Any CPU
	EndGlobalSection
	GlobalSection(SolutionProperties) = preSolution
		HideSolutionNode = FALSE
	EndGlobalSection
	GlobalSection(ExtensibilityGlobals) = postSolution
		SolutionGuid = {A9AA4E2A-F6E7-4764-97B5-6C62D4368313}
	EndGlobalSection
EndGlobal
